PODS:
  - apple_sign_in (0.0.1):
    - Flutter
  - Flutter (1.0.0)
  - flutter_secure_storage (3.2.0):
    - Flutter

DEPENDENCIES:
  - apple_sign_in (from `.symlinks/plugins/apple_sign_in/ios`)
  - Flutter (from `.symlinks/flutter/ios`)
  - flutter_secure_storage (from `.symlinks/plugins/flutter_secure_storage/ios`)

EXTERNAL SOURCES:
  apple_sign_in:
    :path: ".symlinks/plugins/apple_sign_in/ios"
  Flutter:
    :path: ".symlinks/flutter/ios"
  flutter_secure_storage:
    :path: ".symlinks/plugins/flutter_secure_storage/ios"

SPEC CHECKSUMS:
  apple_sign_in: 7716c7ddfa195aeab7dec0dc374ef4ff45d1adb4
  Flutter: 0e3d915762c693b495b44d77113d4970485de6ec
  flutter_secure_storage: 0c5779648ff644110e507909b77a57e620cbbf8b

PODFILE CHECKSUM: 53753e6df6f108de3dcb6d3894f42b39b585850f

COCOAPODS: 1.7.1
